{
  "name": "armybuilderhorus",
  "version": "1.0.0",
  "lockfileVersion": 3,
  "requires": true,
  "packages": {
    "": {
      "name": "armybuilderhorus",
      "version": "1.0.0",
      "license": "ISC",
      "dependencies": {
        "libsodium-wrappers": "^0.7.15",
        "libsodium-wrappers-sumo": "^0.7.14"
      }
    },
    "node_modules/libsodium": {
      "version": "0.7.15",
      "resolved": "https://registry.npmjs.org/libsodium/-/libsodium-0.7.15.tgz",
      "integrity": "sha512-sZwRknt/tUpE2AwzHq3jEyUU5uvIZHtSssktXq7owd++3CSgn8RGrv6UZJJBpP7+iBghBqe7Z06/2M31rI2NKw==",
      "license": "ISC"
    },
    "node_modules/libsodium-sumo": {
      "version": "0.7.15",
      "resolved": "https://registry.npmjs.org/libsodium-sumo/-/libsodium-sumo-0.7.15.tgz",
      "integrity": "sha512-5tPmqPmq8T8Nikpm1Nqj0hBHvsLFCXvdhBFV7SGOitQPZAA6jso8XoL0r4L7vmfKXr486fiQInvErHtEvizFMw==",
      "license": "ISC"
    },
    "node_modules/libsodium-wrappers": {
      "version": "0.7.15",
      "resolved": "https://registry.npmjs.org/libsodium-wrappers/-/libsodium-wrappers-0.7.15.tgz",
      "integrity": "sha512-E4anqJQwcfiC6+Yrl01C1m8p99wEhLmJSs0VQqST66SbQXXBoaJY0pF4BNjRYa/sOQAxx6lXAaAFIlx+15tXJQ==",
      "license": "ISC",
      "dependencies": {
        "libsodium": "^0.7.15"
      }
    },
    "node_modules/libsodium-wrappers-sumo": {
      "version": "0.7.14",
      "resolved": "https://registry.npmjs.org/libsodium-wrappers-sumo/-/libsodium-wrappers-sumo-0.7.14.tgz",
      "integrity": "sha512-0lm7ZwN5a95J2yUi8R1rgQeeaVDIWnvNzgVmXmZswis4mC+bQtbDrB+QpJlL4qklaKx3hVpJjoc6ubzJFiv64Q==",
      "license": "ISC",
      "dependencies": {
        "libsodium-sumo": "^0.7.14"
      }
    }
  }
}
